
Microsoft Visual Studio Solution File, Format Version 12.00
# Visual Studio Version 17
VisualStudioVersion = 17.0.31903.59
MinimumVisualStudioVersion = 10.0.40219.1
Project("{2150E333-8FDC-42A3-9474-1A3956D46DE8}") = "services", "services", "{2E8FA7F2-73CD-4B8E-89D5-066D38678205}"
EndProject
Project("{2150E333-8FDC-42A3-9474-1A3956D46DE8}") = "menu", "menu", "{FB443308-8E75-4423-8750-8E321F3CCE33}"
EndProject
Project("{2150E333-8FDC-42A3-9474-1A3956D46DE8}") = "src", "src", "{4FA30068-BE1D-4998-9556-E91E6036BC86}"
EndProject
Project("{FAE04EC0-301F-11D3-BF4B-00C04F79EFBC}") = "MenuService", "services\menu\src\menu.svc\MenuService.csproj", "{B9C28223-B55E-4C4F-A2E9-E3B42B8852EA}"
EndProject
Global
	GlobalSection(SolutionConfigurationPlatforms) = preSolution
		Debug|Any CPU = Debug|Any CPU
		Release|Any CPU = Release|Any CPU
	EndGlobalSection
	GlobalSection(SolutionProperties) = preSolution
		HideSolutionNode = FALSE
	EndGlobalSection
	GlobalSection(ProjectConfigurationPlatforms) = postSolution
		{B9C28223-B55E-4C4F-A2E9-E3B42B8852EA}.Debug|Any CPU.ActiveCfg = Debug|Any CPU
		{B9C28223-B55E-4C4F-A2E9-E3B42B8852EA}.Debug|Any CPU.Build.0 = Debug|Any CPU
		{B9C28223-B55E-4C4F-A2E9-E3B42B8852EA}.Release|Any CPU.ActiveCfg = Release|Any CPU
		{B9C28223-B55E-4C4F-A2E9-E3B42B8852EA}.Release|Any CPU.Build.0 = Release|Any CPU
	EndGlobalSection
	GlobalSection(NestedProjects) = preSolution
		{FB443308-8E75-4423-8750-8E321F3CCE33} = {2E8FA7F2-73CD-4B8E-89D5-066D38678205}
		{4FA30068-BE1D-4998-9556-E91E6036BC86} = {FB443308-8E75-4423-8750-8E321F3CCE33}
		{B9C28223-B55E-4C4F-A2E9-E3B42B8852EA} = {4FA30068-BE1D-4998-9556-E91E6036BC86}
	EndGlobalSection
EndGlobal
