
Microsoft Visual Studio Solution File, Format Version 12.00
# Visual Studio Version 17
VisualStudioVersion = 17.0.31903.59
MinimumVisualStudioVersion = 10.0.40219.1
Project("{2150E333-8FDC-42A3-9474-1A3956D46DE8}") = "shared", "shared", "{827FD859-D2B3-4ACB-A5E1-9832E480FD8E}"
EndProject
Project("{FAE04EC0-301F-11D3-BF4B-00C04F79EFBC}") = "Common.Library", "shared\Common.Library\Common.Library.csproj", "{CED7BA4E-9434-442E-9630-B7CBA65E9237}"
EndProject
Project("{FAE04EC0-301F-11D3-BF4B-00C04F79EFBC}") = "Messaging.Contracts", "shared\Messaging.Contracts\Messaging.Contracts.csproj", "{52BF92F9-0680-47D5-B3BF-45D5B0B15A90}"
EndProject
Project("{FAE04EC0-301F-11D3-BF4B-00C04F79EFBC}") = "OrderService", "services\order\src\OrderService\OrderService.csproj", "{E63F20F0-450C-452E-B681-99ECC4B67737}"
EndProject
Project("{FAE04EC0-301F-11D3-BF4B-00C04F79EFBC}") = "PaymentService", "services\payment\PaymentService\PaymentService.csproj", "{81B25B38-736D-462C-98DD-C4DD02249433}"
EndProject
Project("{FAE04EC0-301F-11D3-BF4B-00C04F79EFBC}") = "IdentityService", "services\identity\src\IdentityService\IdentityService.csproj", "{95CCD4BA-7C56-414D-B288-4B880129074C}"
EndProject
Project("{FAE04EC0-301F-11D3-BF4B-00C04F79EFBC}") = "Tenant.Domain", "shared\tenant.domain\Tenant.Domain.csproj", "{4F26651E-430D-43DC-8A50-E278E22997E0}"
EndProject
Project("{2150E333-8FDC-42A3-9474-1A3956D46DE8}") = "services", "services", "{83D872A6-F1C5-4F67-8702-B9DCF2D6CCA9}"
EndProject
Project("{2150E333-8FDC-42A3-9474-1A3956D46DE8}") = "catalog", "catalog", "{C5AAFAAB-9492-4521-B7E8-74B8C5351747}"
EndProject
Project("{2150E333-8FDC-42A3-9474-1A3956D46DE8}") = "src", "src", "{96AF35B2-5A37-4FC2-B104-B747F76FCB60}"
EndProject
Project("{FAE04EC0-301F-11D3-BF4B-00C04F79EFBC}") = "CatalogService", "services\catalog\src\CatalogService\CatalogService.csproj", "{64B9E34A-D575-4B36-8210-8E4C88C08E71}"
EndProject
Global
	GlobalSection(SolutionConfigurationPlatforms) = preSolution
		Debug|Any CPU = Debug|Any CPU
		Release|Any CPU = Release|Any CPU
	EndGlobalSection
	GlobalSection(SolutionProperties) = preSolution
		HideSolutionNode = FALSE
	EndGlobalSection
	GlobalSection(ProjectConfigurationPlatforms) = postSolution
		{CED7BA4E-9434-442E-9630-B7CBA65E9237}.Debug|Any CPU.ActiveCfg = Debug|Any CPU
		{CED7BA4E-9434-442E-9630-B7CBA65E9237}.Debug|Any CPU.Build.0 = Debug|Any CPU
		{CED7BA4E-9434-442E-9630-B7CBA65E9237}.Release|Any CPU.ActiveCfg = Release|Any CPU
		{CED7BA4E-9434-442E-9630-B7CBA65E9237}.Release|Any CPU.Build.0 = Release|Any CPU
		{52BF92F9-0680-47D5-B3BF-45D5B0B15A90}.Debug|Any CPU.ActiveCfg = Debug|Any CPU
		{52BF92F9-0680-47D5-B3BF-45D5B0B15A90}.Debug|Any CPU.Build.0 = Debug|Any CPU
		{52BF92F9-0680-47D5-B3BF-45D5B0B15A90}.Release|Any CPU.ActiveCfg = Release|Any CPU
		{52BF92F9-0680-47D5-B3BF-45D5B0B15A90}.Release|Any CPU.Build.0 = Release|Any CPU
		{E63F20F0-450C-452E-B681-99ECC4B67737}.Debug|Any CPU.ActiveCfg = Debug|Any CPU
		{E63F20F0-450C-452E-B681-99ECC4B67737}.Debug|Any CPU.Build.0 = Debug|Any CPU
		{E63F20F0-450C-452E-B681-99ECC4B67737}.Release|Any CPU.ActiveCfg = Release|Any CPU
		{E63F20F0-450C-452E-B681-99ECC4B67737}.Release|Any CPU.Build.0 = Release|Any CPU
		{81B25B38-736D-462C-98DD-C4DD02249433}.Debug|Any CPU.ActiveCfg = Debug|Any CPU
		{81B25B38-736D-462C-98DD-C4DD02249433}.Debug|Any CPU.Build.0 = Debug|Any CPU
		{81B25B38-736D-462C-98DD-C4DD02249433}.Release|Any CPU.ActiveCfg = Release|Any CPU
		{81B25B38-736D-462C-98DD-C4DD02249433}.Release|Any CPU.Build.0 = Release|Any CPU
		{95CCD4BA-7C56-414D-B288-4B880129074C}.Debug|Any CPU.ActiveCfg = Debug|Any CPU
		{95CCD4BA-7C56-414D-B288-4B880129074C}.Debug|Any CPU.Build.0 = Debug|Any CPU
		{95CCD4BA-7C56-414D-B288-4B880129074C}.Release|Any CPU.ActiveCfg = Release|Any CPU
		{95CCD4BA-7C56-414D-B288-4B880129074C}.Release|Any CPU.Build.0 = Release|Any CPU
		{4F26651E-430D-43DC-8A50-E278E22997E0}.Debug|Any CPU.ActiveCfg = Debug|Any CPU
		{4F26651E-430D-43DC-8A50-E278E22997E0}.Debug|Any CPU.Build.0 = Debug|Any CPU
		{4F26651E-430D-43DC-8A50-E278E22997E0}.Release|Any CPU.ActiveCfg = Release|Any CPU
		{4F26651E-430D-43DC-8A50-E278E22997E0}.Release|Any CPU.Build.0 = Release|Any CPU
		{64B9E34A-D575-4B36-8210-8E4C88C08E71}.Debug|Any CPU.ActiveCfg = Debug|Any CPU
		{64B9E34A-D575-4B36-8210-8E4C88C08E71}.Debug|Any CPU.Build.0 = Debug|Any CPU
		{64B9E34A-D575-4B36-8210-8E4C88C08E71}.Release|Any CPU.ActiveCfg = Release|Any CPU
		{64B9E34A-D575-4B36-8210-8E4C88C08E71}.Release|Any CPU.Build.0 = Release|Any CPU
	EndGlobalSection
	GlobalSection(NestedProjects) = preSolution
		{CED7BA4E-9434-442E-9630-B7CBA65E9237} = {827FD859-D2B3-4ACB-A5E1-9832E480FD8E}
		{4F26651E-430D-43DC-8A50-E278E22997E0} = {827FD859-D2B3-4ACB-A5E1-9832E480FD8E}
		{C5AAFAAB-9492-4521-B7E8-74B8C5351747} = {83D872A6-F1C5-4F67-8702-B9DCF2D6CCA9}
		{96AF35B2-5A37-4FC2-B104-B747F76FCB60} = {C5AAFAAB-9492-4521-B7E8-74B8C5351747}
		{64B9E34A-D575-4B36-8210-8E4C88C08E71} = {96AF35B2-5A37-4FC2-B104-B747F76FCB60}
	EndGlobalSection
EndGlobal
