
Microsoft Visual Studio Solution File, Format Version 12.00
# Visual Studio Version 17
VisualStudioVersion = 17.0.31903.59
MinimumVisualStudioVersion = 10.0.40219.1
Project("{2150E333-8FDC-42A3-9474-1A3956D46DE8}") = "shared", "shared", "{827FD859-D2B3-4ACB-A5E1-9832E480FD8E}"
EndProject
Project("{FAE04EC0-301F-11D3-BF4B-00C04F79EFBC}") = "Common.Library", "shared\Common.Library\Common.Library.csproj", "{CED7BA4E-9434-442E-9630-B7CBA65E9237}"
EndProject
Project("{2150E333-8FDC-42A3-9474-1A3956D46DE8}") = "services", "services", "{263955FE-23C6-4688-BD2E-B0724FA5134B}"
EndProject
Project("{2150E333-8FDC-42A3-9474-1A3956D46DE8}") = "menu", "menu", "{D86E2755-AA21-4ABA-8F93-A222D1D3D638}"
EndProject
Project("{2150E333-8FDC-42A3-9474-1A3956D46DE8}") = "src", "src", "{A4C00D86-76C4-476D-91AB-7DF8F81D1A7E}"
EndProject
Project("{FAE04EC0-301F-11D3-BF4B-00C04F79EFBC}") = "MenuService", "services\menu\src\MenuService\MenuService.csproj", "{E6020741-E268-48F0-AD7F-56E8E6C5AFA5}"
EndProject
Project("{FAE04EC0-301F-11D3-BF4B-00C04F79EFBC}") = "InventoryService", "services\inventory\src\InventoryService\InventoryService.csproj", "{15063428-4E68-4E42-A08D-FE3B50C1BFD7}"
EndProject
Project("{FAE04EC0-301F-11D3-BF4B-00C04F79EFBC}") = "Messaging.Contracts", "shared\Messaging.Contracts\Messaging.Contracts.csproj", "{52BF92F9-0680-47D5-B3BF-45D5B0B15A90}"
EndProject
Project("{FAE04EC0-301F-11D3-BF4B-00C04F79EFBC}") = "OrderService", "services\order\src\OrderService\OrderService.csproj", "{E63F20F0-450C-452E-B681-99ECC4B67737}"
EndProject
Project("{FAE04EC0-301F-11D3-BF4B-00C04F79EFBC}") = "PaymentService", "services\payment\PaymentService\PaymentService.csproj", "{81B25B38-736D-462C-98DD-C4DD02249433}"
EndProject
Global
	GlobalSection(SolutionConfigurationPlatforms) = preSolution
		Debug|Any CPU = Debug|Any CPU
		Release|Any CPU = Release|Any CPU
	EndGlobalSection
	GlobalSection(SolutionProperties) = preSolution
		HideSolutionNode = FALSE
	EndGlobalSection
	GlobalSection(ProjectConfigurationPlatforms) = postSolution
		{CED7BA4E-9434-442E-9630-B7CBA65E9237}.Debug|Any CPU.ActiveCfg = Debug|Any CPU
		{CED7BA4E-9434-442E-9630-B7CBA65E9237}.Debug|Any CPU.Build.0 = Debug|Any CPU
		{CED7BA4E-9434-442E-9630-B7CBA65E9237}.Release|Any CPU.ActiveCfg = Release|Any CPU
		{CED7BA4E-9434-442E-9630-B7CBA65E9237}.Release|Any CPU.Build.0 = Release|Any CPU
		{E6020741-E268-48F0-AD7F-56E8E6C5AFA5}.Debug|Any CPU.ActiveCfg = Debug|Any CPU
		{E6020741-E268-48F0-AD7F-56E8E6C5AFA5}.Debug|Any CPU.Build.0 = Debug|Any CPU
		{E6020741-E268-48F0-AD7F-56E8E6C5AFA5}.Release|Any CPU.ActiveCfg = Release|Any CPU
		{E6020741-E268-48F0-AD7F-56E8E6C5AFA5}.Release|Any CPU.Build.0 = Release|Any CPU
		{15063428-4E68-4E42-A08D-FE3B50C1BFD7}.Debug|Any CPU.ActiveCfg = Debug|Any CPU
		{15063428-4E68-4E42-A08D-FE3B50C1BFD7}.Debug|Any CPU.Build.0 = Debug|Any CPU
		{15063428-4E68-4E42-A08D-FE3B50C1BFD7}.Release|Any CPU.ActiveCfg = Release|Any CPU
		{15063428-4E68-4E42-A08D-FE3B50C1BFD7}.Release|Any CPU.Build.0 = Release|Any CPU
		{52BF92F9-0680-47D5-B3BF-45D5B0B15A90}.Debug|Any CPU.ActiveCfg = Debug|Any CPU
		{52BF92F9-0680-47D5-B3BF-45D5B0B15A90}.Debug|Any CPU.Build.0 = Debug|Any CPU
		{52BF92F9-0680-47D5-B3BF-45D5B0B15A90}.Release|Any CPU.ActiveCfg = Release|Any CPU
		{52BF92F9-0680-47D5-B3BF-45D5B0B15A90}.Release|Any CPU.Build.0 = Release|Any CPU
		{E63F20F0-450C-452E-B681-99ECC4B67737}.Debug|Any CPU.ActiveCfg = Debug|Any CPU
		{E63F20F0-450C-452E-B681-99ECC4B67737}.Debug|Any CPU.Build.0 = Debug|Any CPU
		{E63F20F0-450C-452E-B681-99ECC4B67737}.Release|Any CPU.ActiveCfg = Release|Any CPU
		{E63F20F0-450C-452E-B681-99ECC4B67737}.Release|Any CPU.Build.0 = Release|Any CPU
		{81B25B38-736D-462C-98DD-C4DD02249433}.Debug|Any CPU.ActiveCfg = Debug|Any CPU
		{81B25B38-736D-462C-98DD-C4DD02249433}.Debug|Any CPU.Build.0 = Debug|Any CPU
		{81B25B38-736D-462C-98DD-C4DD02249433}.Release|Any CPU.ActiveCfg = Release|Any CPU
		{81B25B38-736D-462C-98DD-C4DD02249433}.Release|Any CPU.Build.0 = Release|Any CPU
	EndGlobalSection
	GlobalSection(NestedProjects) = preSolution
		{CED7BA4E-9434-442E-9630-B7CBA65E9237} = {827FD859-D2B3-4ACB-A5E1-9832E480FD8E}
		{D86E2755-AA21-4ABA-8F93-A222D1D3D638} = {263955FE-23C6-4688-BD2E-B0724FA5134B}
		{A4C00D86-76C4-476D-91AB-7DF8F81D1A7E} = {D86E2755-AA21-4ABA-8F93-A222D1D3D638}
		{E6020741-E268-48F0-AD7F-56E8E6C5AFA5} = {A4C00D86-76C4-476D-91AB-7DF8F81D1A7E}
	EndGlobalSection
EndGlobal
